
Microsoft Visual Studio Solution File, Format Version 12.00
# Visual Studio 15
VisualStudioVersion = 15.0.27130.2010
MinimumVisualStudioVersion = 10.0.40219.1
Project("{9A19103F-16F7-4668-BE54-9A1E7A4F7556}") = "SaudeEmNuvem.Cadastro.Domain", "SaudeEmNuvem.Cadastro.Domain\SaudeEmNuvem.Cadastro.Domain.csproj", "{EA10470D-0E69-42DC-8083-96C60C2C3A96}"
EndProject
Project("{9A19103F-16F7-4668-BE54-9A1E7A4F7556}") = "SaudeEmNuvem.Cadastro.API", "SaudeEmNuvem.Cadastro.API\SaudeEmNuvem.Cadastro.API.csproj", "{759DB9F3-A6DD-43CB-AE5C-28AFB438B052}"
	ProjectSection(ProjectDependencies) = postProject
		{EA10470D-0E69-42DC-8083-96C60C2C3A96} = {EA10470D-0E69-42DC-8083-96C60C2C3A96}
		{81BC9E95-31F8-4833-9FEE-6943771F062B} = {81BC9E95-31F8-4833-9FEE-6943771F062B}
		{2398F2FE-DAB8-4E15-ACAD-00B7F547692F} = {2398F2FE-DAB8-4E15-ACAD-00B7F547692F}
	EndProjectSection
EndProject
Project("{9A19103F-16F7-4668-BE54-9A1E7A4F7556}") = "SaudeEmNuvem.Cadastro.Infrastructure", "SaudeEmNuvem.Cadastro.Infrastructure\SaudeEmNuvem.Cadastro.Infrastructure.csproj", "{2398F2FE-DAB8-4E15-ACAD-00B7F547692F}"
	ProjectSection(ProjectDependencies) = postProject
		{EA10470D-0E69-42DC-8083-96C60C2C3A96} = {EA10470D-0E69-42DC-8083-96C60C2C3A96}
	EndProjectSection
EndProject
Project("{2150E333-8FDC-42A3-9474-1A3956D46DE8}") = "BuildingBlocks", "BuildingBlocks", "{FE571298-F100-477B-B81D-355129CFFE5C}"
EndProject
Project("{9A19103F-16F7-4668-BE54-9A1E7A4F7556}") = "EventBus", "..\BuildingBlocks\EventBus\EventBus\EventBus.csproj", "{AB02B8C1-5628-487D-977C-CE9C01830B85}"
EndProject
Project("{9A19103F-16F7-4668-BE54-9A1E7A4F7556}") = "CommanBus", "..\BuildingBlocks\EventBus\CommanBus\CommanBus.csproj", "{72957542-E204-47D5-9B83-CCE5341D58D8}"
EndProject
Project("{2150E333-8FDC-42A3-9474-1A3956D46DE8}") = "CommandBus", "CommandBus", "{FFCADD83-0EB8-4C69-A22E-20E8EAAEB64A}"
EndProject
Project("{2150E333-8FDC-42A3-9474-1A3956D46DE8}") = "EventBus", "EventBus", "{2204ABFB-DA19-4239-8DBA-EE4CD03F4290}"
EndProject
Project("{9A19103F-16F7-4668-BE54-9A1E7A4F7556}") = "CommandBus", "..\BuildingBlocks\CommandBus\CommandBus\CommandBus.csproj", "{47F74291-1197-4469-B21D-70C46E829809}"
EndProject
Project("{9A19103F-16F7-4668-BE54-9A1E7A4F7556}") = "RabbitMQ", "..\BuildingBlocks\EventBus\RabbitMQ\RabbitMQ.csproj", "{A9A10DC7-2862-4B50-BE1C-A0C8512329E5}"
EndProject
Project("{9A19103F-16F7-4668-BE54-9A1E7A4F7556}") = "Service", "..\BuildingBlocks\EventBus\Service\Service.csproj", "{81BC9E95-31F8-4833-9FEE-6943771F062B}"
EndProject
Project("{9A19103F-16F7-4668-BE54-9A1E7A4F7556}") = "IntegrationEventLogEF", "..\BuildingBlocks\EventBus\IntegrationEventLogEF\IntegrationEventLogEF.csproj", "{271C8B97-860A-4C93-BFE7-57295664A793}"
EndProject
Project("{2150E333-8FDC-42A3-9474-1A3956D46DE8}") = "HealthChecks", "HealthChecks", "{F2EBDFDB-FB18-4D45-AE8F-FE6AEAEBABC6}"
EndProject
Project("{9A19103F-16F7-4668-BE54-9A1E7A4F7556}") = "AspNetCore", "..\BuildingBlocks\HealthChecks\AspNetCore\AspNetCore.csproj", "{F7427B40-59BF-406A-9C94-7BA6EBC5F5E5}"
EndProject
Project("{9A19103F-16F7-4668-BE54-9A1E7A4F7556}") = "Extensions", "..\BuildingBlocks\HealthChecks\Extensions\Extensions.csproj", "{18E3FBF9-BAC3-4B8F-B3A3-610164698C66}"
EndProject
Project("{9A19103F-16F7-4668-BE54-9A1E7A4F7556}") = "AzureStorage", "..\BuildingBlocks\HealthChecks\AzureStorage\AzureStorage.csproj", "{060520CC-711F-4D93-94F6-573E2E778424}"
EndProject
Project("{9A19103F-16F7-4668-BE54-9A1E7A4F7556}") = "SqlServer", "..\BuildingBlocks\HealthChecks\SqlServer\SqlServer.csproj", "{98AAC655-5773-4D2E-B306-E096491BC4C2}"
EndProject
Project("{2150E333-8FDC-42A3-9474-1A3956D46DE8}") = "Resilience", "Resilience", "{FC82C7A0-89C8-4C2A-A941-0523FA1D4EF6}"
EndProject
Project("{9A19103F-16F7-4668-BE54-9A1E7A4F7556}") = "Http", "..\BuildingBlocks\Resilience\Http\Http.csproj", "{DFD46C2D-0D29-47C8-AF12-6ACC2414BD26}"
EndProject
Project("{9A19103F-16F7-4668-BE54-9A1E7A4F7556}") = "Customization", "..\BuildingBlocks\WebHost\Customization\Customization.csproj", "{E54BD2B4-AE7A-40DF-894C-2E8110C323EE}"
EndProject
Project("{2150E333-8FDC-42A3-9474-1A3956D46DE8}") = "WebHost", "WebHost", "{EC80257F-0CD0-4EBC-8B81-6E57FF8C61FA}"
EndProject
Global
	GlobalSection(SolutionConfigurationPlatforms) = preSolution
		Debug|Any CPU = Debug|Any CPU
		Release|Any CPU = Release|Any CPU
	EndGlobalSection
	GlobalSection(ProjectConfigurationPlatforms) = postSolution
		{EA10470D-0E69-42DC-8083-96C60C2C3A96}.Debug|Any CPU.ActiveCfg = Debug|Any CPU
		{EA10470D-0E69-42DC-8083-96C60C2C3A96}.Debug|Any CPU.Build.0 = Debug|Any CPU
		{EA10470D-0E69-42DC-8083-96C60C2C3A96}.Release|Any CPU.ActiveCfg = Release|Any CPU
		{EA10470D-0E69-42DC-8083-96C60C2C3A96}.Release|Any CPU.Build.0 = Release|Any CPU
		{759DB9F3-A6DD-43CB-AE5C-28AFB438B052}.Debug|Any CPU.ActiveCfg = Debug|Any CPU
		{759DB9F3-A6DD-43CB-AE5C-28AFB438B052}.Debug|Any CPU.Build.0 = Debug|Any CPU
		{759DB9F3-A6DD-43CB-AE5C-28AFB438B052}.Release|Any CPU.ActiveCfg = Release|Any CPU
		{759DB9F3-A6DD-43CB-AE5C-28AFB438B052}.Release|Any CPU.Build.0 = Release|Any CPU
		{2398F2FE-DAB8-4E15-ACAD-00B7F547692F}.Debug|Any CPU.ActiveCfg = Debug|Any CPU
		{2398F2FE-DAB8-4E15-ACAD-00B7F547692F}.Debug|Any CPU.Build.0 = Debug|Any CPU
		{2398F2FE-DAB8-4E15-ACAD-00B7F547692F}.Release|Any CPU.ActiveCfg = Release|Any CPU
		{2398F2FE-DAB8-4E15-ACAD-00B7F547692F}.Release|Any CPU.Build.0 = Release|Any CPU
		{AB02B8C1-5628-487D-977C-CE9C01830B85}.Debug|Any CPU.ActiveCfg = Debug|Any CPU
		{AB02B8C1-5628-487D-977C-CE9C01830B85}.Debug|Any CPU.Build.0 = Debug|Any CPU
		{AB02B8C1-5628-487D-977C-CE9C01830B85}.Release|Any CPU.ActiveCfg = Release|Any CPU
		{AB02B8C1-5628-487D-977C-CE9C01830B85}.Release|Any CPU.Build.0 = Release|Any CPU
		{72957542-E204-47D5-9B83-CCE5341D58D8}.Debug|Any CPU.ActiveCfg = Debug|Any CPU
		{72957542-E204-47D5-9B83-CCE5341D58D8}.Debug|Any CPU.Build.0 = Debug|Any CPU
		{72957542-E204-47D5-9B83-CCE5341D58D8}.Release|Any CPU.ActiveCfg = Release|Any CPU
		{72957542-E204-47D5-9B83-CCE5341D58D8}.Release|Any CPU.Build.0 = Release|Any CPU
		{47F74291-1197-4469-B21D-70C46E829809}.Debug|Any CPU.ActiveCfg = Debug|Any CPU
		{47F74291-1197-4469-B21D-70C46E829809}.Debug|Any CPU.Build.0 = Debug|Any CPU
		{47F74291-1197-4469-B21D-70C46E829809}.Release|Any CPU.ActiveCfg = Release|Any CPU
		{47F74291-1197-4469-B21D-70C46E829809}.Release|Any CPU.Build.0 = Release|Any CPU
		{A9A10DC7-2862-4B50-BE1C-A0C8512329E5}.Debug|Any CPU.ActiveCfg = Debug|Any CPU
		{A9A10DC7-2862-4B50-BE1C-A0C8512329E5}.Debug|Any CPU.Build.0 = Debug|Any CPU
		{A9A10DC7-2862-4B50-BE1C-A0C8512329E5}.Release|Any CPU.ActiveCfg = Release|Any CPU
		{A9A10DC7-2862-4B50-BE1C-A0C8512329E5}.Release|Any CPU.Build.0 = Release|Any CPU
		{81BC9E95-31F8-4833-9FEE-6943771F062B}.Debug|Any CPU.ActiveCfg = Debug|Any CPU
		{81BC9E95-31F8-4833-9FEE-6943771F062B}.Debug|Any CPU.Build.0 = Debug|Any CPU
		{81BC9E95-31F8-4833-9FEE-6943771F062B}.Release|Any CPU.ActiveCfg = Release|Any CPU
		{81BC9E95-31F8-4833-9FEE-6943771F062B}.Release|Any CPU.Build.0 = Release|Any CPU
		{271C8B97-860A-4C93-BFE7-57295664A793}.Debug|Any CPU.ActiveCfg = Debug|Any CPU
		{271C8B97-860A-4C93-BFE7-57295664A793}.Debug|Any CPU.Build.0 = Debug|Any CPU
		{271C8B97-860A-4C93-BFE7-57295664A793}.Release|Any CPU.ActiveCfg = Release|Any CPU
		{271C8B97-860A-4C93-BFE7-57295664A793}.Release|Any CPU.Build.0 = Release|Any CPU
		{F7427B40-59BF-406A-9C94-7BA6EBC5F5E5}.Debug|Any CPU.ActiveCfg = Debug|Any CPU
		{F7427B40-59BF-406A-9C94-7BA6EBC5F5E5}.Debug|Any CPU.Build.0 = Debug|Any CPU
		{F7427B40-59BF-406A-9C94-7BA6EBC5F5E5}.Release|Any CPU.ActiveCfg = Release|Any CPU
		{F7427B40-59BF-406A-9C94-7BA6EBC5F5E5}.Release|Any CPU.Build.0 = Release|Any CPU
		{18E3FBF9-BAC3-4B8F-B3A3-610164698C66}.Debug|Any CPU.ActiveCfg = Debug|Any CPU
		{18E3FBF9-BAC3-4B8F-B3A3-610164698C66}.Debug|Any CPU.Build.0 = Debug|Any CPU
		{18E3FBF9-BAC3-4B8F-B3A3-610164698C66}.Release|Any CPU.ActiveCfg = Release|Any CPU
		{18E3FBF9-BAC3-4B8F-B3A3-610164698C66}.Release|Any CPU.Build.0 = Release|Any CPU
		{060520CC-711F-4D93-94F6-573E2E778424}.Debug|Any CPU.ActiveCfg = Debug|Any CPU
		{060520CC-711F-4D93-94F6-573E2E778424}.Debug|Any CPU.Build.0 = Debug|Any CPU
		{060520CC-711F-4D93-94F6-573E2E778424}.Release|Any CPU.ActiveCfg = Release|Any CPU
		{060520CC-711F-4D93-94F6-573E2E778424}.Release|Any CPU.Build.0 = Release|Any CPU
		{98AAC655-5773-4D2E-B306-E096491BC4C2}.Debug|Any CPU.ActiveCfg = Debug|Any CPU
		{98AAC655-5773-4D2E-B306-E096491BC4C2}.Debug|Any CPU.Build.0 = Debug|Any CPU
		{98AAC655-5773-4D2E-B306-E096491BC4C2}.Release|Any CPU.ActiveCfg = Release|Any CPU
		{98AAC655-5773-4D2E-B306-E096491BC4C2}.Release|Any CPU.Build.0 = Release|Any CPU
		{DFD46C2D-0D29-47C8-AF12-6ACC2414BD26}.Debug|Any CPU.ActiveCfg = Debug|Any CPU
		{DFD46C2D-0D29-47C8-AF12-6ACC2414BD26}.Debug|Any CPU.Build.0 = Debug|Any CPU
		{DFD46C2D-0D29-47C8-AF12-6ACC2414BD26}.Release|Any CPU.ActiveCfg = Release|Any CPU
		{DFD46C2D-0D29-47C8-AF12-6ACC2414BD26}.Release|Any CPU.Build.0 = Release|Any CPU
		{E54BD2B4-AE7A-40DF-894C-2E8110C323EE}.Debug|Any CPU.ActiveCfg = Debug|Any CPU
		{E54BD2B4-AE7A-40DF-894C-2E8110C323EE}.Debug|Any CPU.Build.0 = Debug|Any CPU
		{E54BD2B4-AE7A-40DF-894C-2E8110C323EE}.Release|Any CPU.ActiveCfg = Release|Any CPU
		{E54BD2B4-AE7A-40DF-894C-2E8110C323EE}.Release|Any CPU.Build.0 = Release|Any CPU
	EndGlobalSection
	GlobalSection(SolutionProperties) = preSolution
		HideSolutionNode = FALSE
	EndGlobalSection
	GlobalSection(NestedProjects) = preSolution
		{AB02B8C1-5628-487D-977C-CE9C01830B85} = {2204ABFB-DA19-4239-8DBA-EE4CD03F4290}
		{72957542-E204-47D5-9B83-CCE5341D58D8} = {2204ABFB-DA19-4239-8DBA-EE4CD03F4290}
		{FFCADD83-0EB8-4C69-A22E-20E8EAAEB64A} = {FE571298-F100-477B-B81D-355129CFFE5C}
		{2204ABFB-DA19-4239-8DBA-EE4CD03F4290} = {FE571298-F100-477B-B81D-355129CFFE5C}
		{47F74291-1197-4469-B21D-70C46E829809} = {FFCADD83-0EB8-4C69-A22E-20E8EAAEB64A}
		{A9A10DC7-2862-4B50-BE1C-A0C8512329E5} = {2204ABFB-DA19-4239-8DBA-EE4CD03F4290}
		{81BC9E95-31F8-4833-9FEE-6943771F062B} = {2204ABFB-DA19-4239-8DBA-EE4CD03F4290}
		{271C8B97-860A-4C93-BFE7-57295664A793} = {2204ABFB-DA19-4239-8DBA-EE4CD03F4290}
		{F2EBDFDB-FB18-4D45-AE8F-FE6AEAEBABC6} = {FE571298-F100-477B-B81D-355129CFFE5C}
		{F7427B40-59BF-406A-9C94-7BA6EBC5F5E5} = {F2EBDFDB-FB18-4D45-AE8F-FE6AEAEBABC6}
		{18E3FBF9-BAC3-4B8F-B3A3-610164698C66} = {F2EBDFDB-FB18-4D45-AE8F-FE6AEAEBABC6}
		{060520CC-711F-4D93-94F6-573E2E778424} = {F2EBDFDB-FB18-4D45-AE8F-FE6AEAEBABC6}
		{98AAC655-5773-4D2E-B306-E096491BC4C2} = {F2EBDFDB-FB18-4D45-AE8F-FE6AEAEBABC6}
		{FC82C7A0-89C8-4C2A-A941-0523FA1D4EF6} = {FE571298-F100-477B-B81D-355129CFFE5C}
		{DFD46C2D-0D29-47C8-AF12-6ACC2414BD26} = {FC82C7A0-89C8-4C2A-A941-0523FA1D4EF6}
		{E54BD2B4-AE7A-40DF-894C-2E8110C323EE} = {EC80257F-0CD0-4EBC-8B81-6E57FF8C61FA}
		{EC80257F-0CD0-4EBC-8B81-6E57FF8C61FA} = {FE571298-F100-477B-B81D-355129CFFE5C}
	EndGlobalSection
	GlobalSection(ExtensibilityGlobals) = postSolution
		SolutionGuid = {E03854D2-9825-4FBC-A76A-7693852B7260}
	EndGlobalSection
EndGlobal
